
Microsoft Visual Studio Solution File, Format Version 11.00
# Visual Studio 2010
Project("{FAE04EC0-301F-11D3-BF4B-00C04F79EFBC}") = "calculatorproject", "calculatorproject\calculatorproject.csproj", "{0A09F537-69C4-45C4-BA67-38CC2072F7E2}"
EndProject
Project("{54435603-DBB4-11D2-8724-00A0C9A8B90C}") = "setup_cal", "setup_cal\setup_cal.vdproj", "{CBDA30C3-2D5E-48B5-9CFD-6F48EB5B1732}"
EndProject
Global
	GlobalSection(SolutionConfigurationPlatforms) = preSolution
		Debug|x86 = Debug|x86
		Release|x86 = Release|x86
	EndGlobalSection
	GlobalSection(ProjectConfigurationPlatforms) = postSolution
		{0A09F537-69C4-45C4-BA67-38CC2072F7E2}.Debug|x86.ActiveCfg = Debug|x86
		{0A09F537-69C4-45C4-BA67-38CC2072F7E2}.Debug|x86.Build.0 = Debug|x86
		{0A09F537-69C4-45C4-BA67-38CC2072F7E2}.Release|x86.ActiveCfg = Release|x86
		{0A09F537-69C4-45C4-BA67-38CC2072F7E2}.Release|x86.Build.0 = Release|x86
		{CBDA30C3-2D5E-48B5-9CFD-6F48EB5B1732}.Debug|x86.ActiveCfg = Debug
		{CBDA30C3-2D5E-48B5-9CFD-6F48EB5B1732}.Release|x86.ActiveCfg = Release
	EndGlobalSection
	GlobalSection(SolutionProperties) = preSolution
		HideSolutionNode = FALSE
	EndGlobalSection
EndGlobal
